
Microsoft Visual Studio Solution File, Format Version 12.00
# Visual Studio 15
VisualStudioVersion = 15.0.28307.136
MinimumVisualStudioVersion = 10.0.40219.1
Project("{FAE04EC0-301F-11D3-BF4B-00C04F79EFBC}") = "Pratilipi", "Pratilipi\Pratilipi.csproj", "{2905198F-4A3F-4A81-8527-3D0B35F8219C}"
EndProject
Global
	GlobalSection(SolutionConfigurationPlatforms) = preSolution
		Debug|Any CPU = Debug|Any CPU
		Release|Any CPU = Release|Any CPU
	EndGlobalSection
	GlobalSection(ProjectConfigurationPlatforms) = postSolution
		{2905198F-4A3F-4A81-8527-3D0B35F8219C}.Debug|Any CPU.ActiveCfg = Debug|Any CPU
		{2905198F-4A3F-4A81-8527-3D0B35F8219C}.Debug|Any CPU.Build.0 = Debug|Any CPU
		{2905198F-4A3F-4A81-8527-3D0B35F8219C}.Release|Any CPU.ActiveCfg = Release|Any CPU
		{2905198F-4A3F-4A81-8527-3D0B35F8219C}.Release|Any CPU.Build.0 = Release|Any CPU
	EndGlobalSection
	GlobalSection(SolutionProperties) = preSolution
		HideSolutionNode = FALSE
	EndGlobalSection
	GlobalSection(ExtensibilityGlobals) = postSolution
		SolutionGuid = {2A254F9F-1FBF-49C0-91AD-6AAF0FE716B4}
	EndGlobalSection
EndGlobal
